// !$*UTF8*$!
{
	archiveVersion = 1;
	classes = {
	};
	objectVersion = 50;
	objects = {

/* Begin PBXBuildFile section */
		3242F03A237475D300F0CC21 /* IOKit.framework in Frameworks */ = {isa = PBXBuildFile; fileRef = 3242F039237475D300F0CC21 /* IOKit.framework */; };
		3242F03F2374764C00F0CC21 /* dump.m in Sources */ = {isa = PBXBuildFile; fileRef = 3242F03E2374764C00F0CC21 /* dump.m */; };
		3242F0422374769800F0CC21 /* reset.m in Sources */ = {isa = PBXBuildFile; fileRef = 3242F0412374769800F0CC21 /* reset.m */; };
		3242F044237476A900F0CC21 /* device.m in Sources */ = {isa = PBXBuildFile; fileRef = 3242F043237476A900F0CC21 /* device.m */; };
		3242F0462374774300F0CC21 /* libastris.a in Frameworks */ = {isa = PBXBuildFile; fileRef = 3242F0452374774300F0CC21 /* libastris.a */; };
		3242F04C2374930D00F0CC21 /* libc++.tbd in Frameworks */ = {isa = PBXBuildFile; fileRef = 3242F04B237492FE00F0CC21 /* libc++.tbd */; };
		327F4E6F23A924A200FEBA57 /* install.m in Sources */ = {isa = PBXBuildFile; fileRef = 327F4E6E23A924A200FEBA57 /* install.m */; };
		32A5A8802374573C0099EFC5 /* main.m in Sources */ = {isa = PBXBuildFile; fileRef = 32A5A87F2374573C0099EFC5 /* main.m */; };
		32CB92AB23A90E9E000F4380 /* patcher.m in Sources */ = {isa = PBXBuildFile; fileRef = 32CB92AA23A90E9E000F4380 /* patcher.m */; };
		32CB92AD23A91003000F4380 /* libprocInfo.a in Frameworks */ = {isa = PBXBuildFile; fileRef = 32CB92AC23A91003000F4380 /* libprocInfo.a */; };
		32CB92AF23A91035000F4380 /* libbsm.tbd in Frameworks */ = {isa = PBXBuildFile; fileRef = 32CB92AE23A9101A000F4380 /* libbsm.tbd */; };
/* End PBXBuildFile section */

/* Begin PBXCopyFilesBuildPhase section */
		32A5A87A2374573C0099EFC5 /* CopyFiles */ = {
			isa = PBXCopyFilesBuildPhase;
			buildActionMask = 2147483647;
			dstPath = /usr/share/man/man1/;
			dstSubfolderSpec = 0;
			files = (
			);
			runOnlyForDeploymentPostprocessing = 1;
		};
/* End PBXCopyFilesBuildPhase section */

/* Begin PBXFileReference section */
		3242F039237475D300F0CC21 /* IOKit.framework */ = {isa = PBXFileReference; lastKnownFileType = wrapper.framework; name = IOKit.framework; path = System/Library/Frameworks/IOKit.framework; sourceTree = SDKROOT; };
		3242F03E2374764C00F0CC21 /* dump.m */ = {isa = PBXFileReference; lastKnownFileType = sourcecode.c.objc; path = dump.m; sourceTree = "<group>"; };
		3242F0412374769800F0CC21 /* reset.m */ = {isa = PBXFileReference; lastKnownFileType = sourcecode.c.objc; path = reset.m; sourceTree = "<group>"; };
		3242F043237476A900F0CC21 /* device.m */ = {isa = PBXFileReference; lastKnownFileType = sourcecode.c.objc; path = device.m; sourceTree = "<group>"; };
		3242F0452374774300F0CC21 /* libastris.a */ = {isa = PBXFileReference; lastKnownFileType = archive.ar; path = libastris.a; sourceTree = "<group>"; };
		3242F0472374776D00F0CC21 /* device.h */ = {isa = PBXFileReference; lastKnownFileType = sourcecode.c.h; path = device.h; sourceTree = "<group>"; };
		3242F0482374786B00F0CC21 /* dump.h */ = {isa = PBXFileReference; lastKnownFileType = sourcecode.c.h; path = dump.h; sourceTree = "<group>"; };
		3242F0492374792400F0CC21 /* reset.h */ = {isa = PBXFileReference; lastKnownFileType = sourcecode.c.h; path = reset.h; sourceTree = "<group>"; };
		3242F04A2374907400F0CC21 /* astris_api.h */ = {isa = PBXFileReference; lastKnownFileType = sourcecode.c.h; path = astris_api.h; sourceTree = "<group>"; };
		3242F04B237492FE00F0CC21 /* libc++.tbd */ = {isa = PBXFileReference; lastKnownFileType = "sourcecode.text-based-dylib-definition"; name = "libc++.tbd"; path = "usr/lib/libc++.tbd"; sourceTree = SDKROOT; };
		327F4E6E23A924A200FEBA57 /* install.m */ = {isa = PBXFileReference; lastKnownFileType = sourcecode.c.objc; path = install.m; sourceTree = "<group>"; };
		327F4E7023A924D000FEBA57 /* install.h */ = {isa = PBXFileReference; lastKnownFileType = sourcecode.c.h; path = install.h; sourceTree = "<group>"; };
		32A5A87C2374573C0099EFC5 /* kanzictl */ = {isa = PBXFileReference; explicitFileType = "compiled.mach-o.executable"; includeInIndex = 0; path = kanzictl; sourceTree = BUILT_PRODUCTS_DIR; };
		32A5A87F2374573C0099EFC5 /* main.m */ = {isa = PBXFileReference; lastKnownFileType = sourcecode.c.objc; path = main.m; sourceTree = "<group>"; };
		32CB92A823A90E80000F4380 /* patcher.h */ = {isa = PBXFileReference; fileEncoding = 4; lastKnownFileType = sourcecode.c.h; path = patcher.h; sourceTree = "<group>"; };
		32CB92A923A90E80000F4380 /* procInfo.h */ = {isa = PBXFileReference; fileEncoding = 4; lastKnownFileType = sourcecode.c.h; path = procInfo.h; sourceTree = "<group>"; };
		32CB92AA23A90E9E000F4380 /* patcher.m */ = {isa = PBXFileReference; fileEncoding = 4; lastKnownFileType = sourcecode.c.objc; path = patcher.m; sourceTree = "<group>"; };
		32CB92AC23A91003000F4380 /* libprocInfo.a */ = {isa = PBXFileReference; lastKnownFileType = archive.ar; path = libprocInfo.a; sourceTree = "<group>"; };
		32CB92AE23A9101A000F4380 /* libbsm.tbd */ = {isa = PBXFileReference; lastKnownFileType = "sourcecode.text-based-dylib-definition"; name = libbsm.tbd; path = usr/lib/libbsm.tbd; sourceTree = SDKROOT; };
/* End PBXFileReference section */

/* Begin PBXFrameworksBuildPhase section */
		32A5A8792374573C0099EFC5 /* Frameworks */ = {
			isa = PBXFrameworksBuildPhase;
			buildActionMask = 2147483647;
			files = (
				3242F04C2374930D00F0CC21 /* libc++.tbd in Frameworks */,
				32CB92AF23A91035000F4380 /* libbsm.tbd in Frameworks */,
				3242F03A237475D300F0CC21 /* IOKit.framework in Frameworks */,
				3242F0462374774300F0CC21 /* libastris.a in Frameworks */,
				32CB92AD23A91003000F4380 /* libprocInfo.a in Frameworks */,
			);
			runOnlyForDeploymentPostprocessing = 0;
		};
/* End PBXFrameworksBuildPhase section */

/* Begin PBXGroup section */
		3242F038237475D300F0CC21 /* Frameworks */ = {
			isa = PBXGroup;
			children = (
				32CB92AE23A9101A000F4380 /* libbsm.tbd */,
				3242F04B237492FE00F0CC21 /* libc++.tbd */,
				3242F039237475D300F0CC21 /* IOKit.framework */,
			);
			name = Frameworks;
			sourceTree = "<group>";
		};
		3242F03B237475E000F0CC21 /* Libraries */ = {
			isa = PBXGroup;
			children = (
				32CB92AC23A91003000F4380 /* libprocInfo.a */,
				3242F0452374774300F0CC21 /* libastris.a */,
			);
			path = Libraries;
			sourceTree = "<group>";
		};
		3242F0402374765A00F0CC21 /* include */ = {
			isa = PBXGroup;
			children = (
				3242F04A2374907400F0CC21 /* astris_api.h */,
				32CB92A923A90E80000F4380 /* procInfo.h */,
				3242F0472374776D00F0CC21 /* device.h */,
				3242F0482374786B00F0CC21 /* dump.h */,
				3242F0492374792400F0CC21 /* reset.h */,
				32CB92A823A90E80000F4380 /* patcher.h */,
				327F4E7023A924D000FEBA57 /* install.h */,
			);
			path = include;
			sourceTree = "<group>";
		};
		32A5A8732374573C0099EFC5 = {
			isa = PBXGroup;
			children = (
				32A5A87E2374573C0099EFC5 /* kanzictl */,
				3242F03B237475E000F0CC21 /* Libraries */,
				32A5A87D2374573C0099EFC5 /* Products */,
				3242F038237475D300F0CC21 /* Frameworks */,
			);
			sourceTree = "<group>";
		};
		32A5A87D2374573C0099EFC5 /* Products */ = {
			isa = PBXGroup;
			children = (
				32A5A87C2374573C0099EFC5 /* kanzictl */,
			);
			name = Products;
			sourceTree = "<group>";
		};
		32A5A87E2374573C0099EFC5 /* kanzictl */ = {
			isa = PBXGroup;
			children = (
				3242F0402374765A00F0CC21 /* include */,
				32A5A87F2374573C0099EFC5 /* main.m */,
				3242F043237476A900F0CC21 /* device.m */,
				3242F03E2374764C00F0CC21 /* dump.m */,
				3242F0412374769800F0CC21 /* reset.m */,
				32CB92AA23A90E9E000F4380 /* patcher.m */,
				327F4E6E23A924A200FEBA57 /* install.m */,
			);
			path = kanzictl;
			sourceTree = "<group>";
		};
/* End PBXGroup section */

/* Begin PBXNativeTarget section */
		32A5A87B2374573C0099EFC5 /* kanzictl */ = {
			isa = PBXNativeTarget;
			buildConfigurationList = 32A5A8832374573C0099EFC5 /* Build configuration list for PBXNativeTarget "kanzictl" */;
			buildPhases = (
				32A5A8782374573C0099EFC5 /* Sources */,
				32A5A8792374573C0099EFC5 /* Frameworks */,
				32A5A87A2374573C0099EFC5 /* CopyFiles */,
			);
			buildRules = (
			);
			dependencies = (
			);
			name = kanzictl;
			productName = kanzictl;
			productReference = 32A5A87C2374573C0099EFC5 /* kanzictl */;
			productType = "com.apple.product-type.tool";
		};
/* End PBXNativeTarget section */

/* Begin PBXProject section */
		32A5A8742374573C0099EFC5 /* Project object */ = {
			isa = PBXProject;
			attributes = {
				LastUpgradeCheck = 1020;
				ORGANIZATIONNAME = noone;
				TargetAttributes = {
					32A5A87B2374573C0099EFC5 = {
						CreatedOnToolsVersion = 10.2.1;
					};
				};
			};
			buildConfigurationList = 32A5A8772374573C0099EFC5 /* Build configuration list for PBXProject "kanzictl" */;
			compatibilityVersion = "Xcode 9.3";
			developmentRegion = en;
			hasScannedForEncodings = 0;
			knownRegions = (
				en,
			);
			mainGroup = 32A5A8732374573C0099EFC5;
			productRefGroup = 32A5A87D2374573C0099EFC5 /* Products */;
			projectDirPath = "";
			projectRoot = "";
			targets = (
				32A5A87B2374573C0099EFC5 /* kanzictl */,
			);
		};
/* End PBXProject section */

/* Begin PBXSourcesBuildPhase section */
		32A5A8782374573C0099EFC5 /* Sources */ = {
			isa = PBXSourcesBuildPhase;
			buildActionMask = 2147483647;
			files = (
				3242F0422374769800F0CC21 /* reset.m in Sources */,
				32A5A8802374573C0099EFC5 /* main.m in Sources */,
				3242F03F2374764C00F0CC21 /* dump.m in Sources */,
				3242F044237476A900F0CC21 /* device.m in Sources */,
				32CB92AB23A90E9E000F4380 /* patcher.m in Sources */,
				327F4E6F23A924A200FEBA57 /* install.m in Sources */,
			);
			runOnlyForDeploymentPostprocessing = 0;
		};
/* End PBXSourcesBuildPhase section */

/* Begin XCBuildConfiguration section */
		32A5A8812374573C0099EFC5 /* Debug */ = {
			isa = XCBuildConfiguration;
			buildSettings = {
				ALWAYS_SEARCH_USER_PATHS = NO;
				CLANG_ANALYZER_NONNULL = YES;
				CLANG_ANALYZER_NUMBER_OBJECT_CONVERSION = YES_AGGRESSIVE;
				CLANG_CXX_LANGUAGE_STANDARD = "gnu++14";
				CLANG_CXX_LIBRARY = "libc++";
				CLANG_ENABLE_MODULES = YES;
				CLANG_ENABLE_OBJC_ARC = YES;
				CLANG_ENABLE_OBJC_WEAK = YES;
				CLANG_WARN_BLOCK_CAPTURE_AUTORELEASING = YES;
				CLANG_WARN_BOOL_CONVERSION = YES;
				CLANG_WARN_COMMA = YES;
				CLANG_WARN_CONSTANT_CONVERSION = YES;
				CLANG_WARN_DEPRECATED_OBJC_IMPLEMENTATIONS = YES;
				CLANG_WARN_DIRECT_OBJC_ISA_USAGE = YES_ERROR;
				CLANG_WARN_DOCUMENTATION_COMMENTS = YES;
				CLANG_WARN_EMPTY_BODY = YES;
				CLANG_WARN_ENUM_CONVERSION = YES;
				CLANG_WARN_INFINITE_RECURSION = YES;
				CLANG_WARN_INT_CONVERSION = YES;
				CLANG_WARN_NON_LITERAL_NULL_CONVERSION = YES;
				CLANG_WARN_OBJC_IMPLICIT_RETAIN_SELF = YES;
				CLANG_WARN_OBJC_LITERAL_CONVERSION = YES;
				CLANG_WARN_OBJC_ROOT_CLASS = YES_ERROR;
				CLANG_WARN_RANGE_LOOP_ANALYSIS = YES;
				CLANG_WARN_STRICT_PROTOTYPES = YES;
				CLANG_WARN_SUSPICIOUS_MOVE = YES;
				CLANG_WARN_UNGUARDED_AVAILABILITY = YES_AGGRESSIVE;
				CLANG_WARN_UNREACHABLE_CODE = YES;
				CLANG_WARN__DUPLICATE_METHOD_MATCH = YES;
				CODE_SIGN_IDENTITY = "-";
				COPY_PHASE_STRIP = NO;
				DEBUG_INFORMATION_FORMAT = dwarf;
				ENABLE_STRICT_OBJC_MSGSEND = YES;
				ENABLE_TESTABILITY = YES;
				GCC_C_LANGUAGE_STANDARD = gnu11;
				GCC_DYNAMIC_NO_PIC = NO;
				GCC_NO_COMMON_BLOCKS = YES;
				GCC_OPTIMIZATION_LEVEL = 0;
				GCC_PREPROCESSOR_DEFINITIONS = (
					"DEBUG=1",
					"$(inherited)",
				);
				GCC_WARN_64_TO_32_BIT_CONVERSION = YES;
				GCC_WARN_ABOUT_RETURN_TYPE = YES_ERROR;
				GCC_WARN_UNDECLARED_SELECTOR = YES;
				GCC_WARN_UNINITIALIZED_AUTOS = YES_AGGRESSIVE;
				GCC_WARN_UNUSED_FUNCTION = YES;
				GCC_WARN_UNUSED_VARIABLE = YES;
				MACOSX_DEPLOYMENT_TARGET = 10.14;
				MTL_ENABLE_DEBUG_INFO = INCLUDE_SOURCE;
				MTL_FAST_MATH = YES;
				ONLY_ACTIVE_ARCH = YES;
				SDKROOT = macosx;
			};
			name = Debug;
		};
		32A5A8822374573C0099EFC5 /* Release */ = {
			isa = XCBuildConfiguration;
			buildSettings = {
				ALWAYS_SEARCH_USER_PATHS = NO;
				CLANG_ANALYZER_NONNULL = YES;
				CLANG_ANALYZER_NUMBER_OBJECT_CONVERSION = YES_AGGRESSIVE;
				CLANG_CXX_LANGUAGE_STANDARD = "gnu++14";
				CLANG_CXX_LIBRARY = "libc++";
				CLANG_ENABLE_MODULES = YES;
				CLANG_ENABLE_OBJC_ARC = YES;
				CLANG_ENABLE_OBJC_WEAK = YES;
				CLANG_WARN_BLOCK_CAPTURE_AUTORELEASING = YES;
				CLANG_WARN_BOOL_CONVERSION = YES;
				CLANG_WARN_COMMA = YES;
				CLANG_WARN_CONSTANT_CONVERSION = YES;
				CLANG_WARN_DEPRECATED_OBJC_IMPLEMENTATIONS = YES;
				CLANG_WARN_DIRECT_OBJC_ISA_USAGE = YES_ERROR;
				CLANG_WARN_DOCUMENTATION_COMMENTS = YES;
				CLANG_WARN_EMPTY_BODY = YES;
				CLANG_WARN_ENUM_CONVERSION = YES;
				CLANG_WARN_INFINITE_RECURSION = YES;
				CLANG_WARN_INT_CONVERSION = YES;
				CLANG_WARN_NON_LITERAL_NULL_CONVERSION = YES;
				CLANG_WARN_OBJC_IMPLICIT_RETAIN_SELF = YES;
				CLANG_WARN_OBJC_LITERAL_CONVERSION = YES;
				CLANG_WARN_OBJC_ROOT_CLASS = YES_ERROR;
				CLANG_WARN_RANGE_LOOP_ANALYSIS = YES;
				CLANG_WARN_STRICT_PROTOTYPES = YES;
				CLANG_WARN_SUSPICIOUS_MOVE = YES;
				CLANG_WARN_UNGUARDED_AVAILABILITY = YES_AGGRESSIVE;
				CLANG_WARN_UNREACHABLE_CODE = YES;
				CLANG_WARN__DUPLICATE_METHOD_MATCH = YES;
				CODE_SIGN_IDENTITY = "-";
				COPY_PHASE_STRIP = NO;
				DEBUG_INFORMATION_FORMAT = "dwarf-with-dsym";
				ENABLE_NS_ASSERTIONS = NO;
				ENABLE_STRICT_OBJC_MSGSEND = YES;
				GCC_C_LANGUAGE_STANDARD = gnu11;
				GCC_NO_COMMON_BLOCKS = YES;
				GCC_WARN_64_TO_32_BIT_CONVERSION = YES;
				GCC_WARN_ABOUT_RETURN_TYPE = YES_ERROR;
				GCC_WARN_UNDECLARED_SELECTOR = YES;
				GCC_WARN_UNINITIALIZED_AUTOS = YES_AGGRESSIVE;
				GCC_WARN_UNUSED_FUNCTION = YES;
				GCC_WARN_UNUSED_VARIABLE = YES;
				MACOSX_DEPLOYMENT_TARGET = 10.14;
				MTL_ENABLE_DEBUG_INFO = NO;
				MTL_FAST_MATH = YES;
				SDKROOT = macosx;
			};
			name = Release;
		};
		32A5A8842374573C0099EFC5 /* Debug */ = {
			isa = XCBuildConfiguration;
			buildSettings = {
				CODE_SIGN_STYLE = Automatic;
				LIBRARY_SEARCH_PATHS = (
					"$(inherited)",
					"$(PROJECT_DIR)/Libraries",
				);
				MACOSX_DEPLOYMENT_TARGET = 10.8.2;
				PRODUCT_NAME = "$(TARGET_NAME)";
			};
			name = Debug;
		};
		32A5A8852374573C0099EFC5 /* Release */ = {
			isa = XCBuildConfiguration;
			buildSettings = {
				CODE_SIGN_STYLE = Automatic;
				LIBRARY_SEARCH_PATHS = (
					"$(inherited)",
					"$(PROJECT_DIR)/Libraries",
				);
				MACOSX_DEPLOYMENT_TARGET = 10.8.2;
				PRODUCT_NAME = "$(TARGET_NAME)";
			};
			name = Release;
		};
/* End XCBuildConfiguration section */

/* Begin XCConfigurationList section */
		32A5A8772374573C0099EFC5 /* Build configuration list for PBXProject "kanzictl" */ = {
			isa = XCConfigurationList;
			buildConfigurations = (
				32A5A8812374573C0099EFC5 /* Debug */,
				32A5A8822374573C0099EFC5 /* Release */,
			);
			defaultConfigurationIsVisible = 0;
			defaultConfigurationName = Release;
		};
		32A5A8832374573C0099EFC5 /* Build configuration list for PBXNativeTarget "kanzictl" */ = {
			isa = XCConfigurationList;
			buildConfigurations = (
				32A5A8842374573C0099EFC5 /* Debug */,
				32A5A8852374573C0099EFC5 /* Release */,
			);
			defaultConfigurationIsVisible = 0;
			defaultConfigurationName = Release;
		};
/* End XCConfigurationList section */
	};
	rootObject = 32A5A8742374573C0099EFC5 /* Project object */;
}
